
Microsoft Visual Studio Solution File, Format Version 12.00
Project("{FAE04EC0-301F-11D3-BF4B-00C04F79EFBC}") = "HelloWorld", "HelloWorld\HelloWorld.csproj", "{F03A575D-FA07-4149-B1D7-1D517BC8F5D3}"
EndProject
Project("{FAE04EC0-301F-11D3-BF4B-00C04F79EFBC}") = "Calculator", "Calculator\Calculator.csproj", "{632B8061-EB65-45C7-B5FD-9EE7C255DA97}"
EndProject
Project("{FAE04EC0-301F-11D3-BF4B-00C04F79EFBC}") = "CalculatorAPI", "CalculatorAPI\CalculatorAPI.csproj", "{00F133FD-AC63-4469-95C6-A6DBD5CF836C}"
EndProject
Global
	GlobalSection(SolutionConfigurationPlatforms) = preSolution
		Debug|Any CPU = Debug|Any CPU
		Release|Any CPU = Release|Any CPU
	EndGlobalSection
	GlobalSection(ProjectConfigurationPlatforms) = postSolution
		{F03A575D-FA07-4149-B1D7-1D517BC8F5D3}.Debug|Any CPU.ActiveCfg = Debug|Any CPU
		{F03A575D-FA07-4149-B1D7-1D517BC8F5D3}.Debug|Any CPU.Build.0 = Debug|Any CPU
		{F03A575D-FA07-4149-B1D7-1D517BC8F5D3}.Release|Any CPU.ActiveCfg = Release|Any CPU
		{F03A575D-FA07-4149-B1D7-1D517BC8F5D3}.Release|Any CPU.Build.0 = Release|Any CPU
		{632B8061-EB65-45C7-B5FD-9EE7C255DA97}.Debug|Any CPU.ActiveCfg = Debug|Any CPU
		{632B8061-EB65-45C7-B5FD-9EE7C255DA97}.Debug|Any CPU.Build.0 = Debug|Any CPU
		{632B8061-EB65-45C7-B5FD-9EE7C255DA97}.Release|Any CPU.ActiveCfg = Release|Any CPU
		{632B8061-EB65-45C7-B5FD-9EE7C255DA97}.Release|Any CPU.Build.0 = Release|Any CPU
		{00F133FD-AC63-4469-95C6-A6DBD5CF836C}.Debug|Any CPU.ActiveCfg = Debug|Any CPU
		{00F133FD-AC63-4469-95C6-A6DBD5CF836C}.Debug|Any CPU.Build.0 = Debug|Any CPU
		{00F133FD-AC63-4469-95C6-A6DBD5CF836C}.Release|Any CPU.ActiveCfg = Release|Any CPU
		{00F133FD-AC63-4469-95C6-A6DBD5CF836C}.Release|Any CPU.Build.0 = Release|Any CPU
	EndGlobalSection
EndGlobal
